// !$*UTF8*$!
{
	archiveVersion = 1;
	classes = {
	};
	objectVersion = 46;
	objects = {

/* Begin PBXBuildFile section */
		E747D93A1C16DA0B003C1012 /* AppDelegate.swift in Sources */ = {isa = PBXBuildFile; fileRef = E747D9391C16DA0B003C1012 /* AppDelegate.swift */; };
		E747D9411C16DA0B003C1012 /* Main.storyboard in Resources */ = {isa = PBXBuildFile; fileRef = E747D93F1C16DA0B003C1012 /* Main.storyboard */; };
		E747D9431C16DA0B003C1012 /* Assets.xcassets in Resources */ = {isa = PBXBuildFile; fileRef = E747D9421C16DA0B003C1012 /* Assets.xcassets */; };
		E747D9461C16DA0B003C1012 /* LaunchScreen.storyboard in Resources */ = {isa = PBXBuildFile; fileRef = E747D9441C16DA0B003C1012 /* LaunchScreen.storyboard */; };
		E747D9511C16DA0B003C1012 /* ProjectFilmsTests.swift in Sources */ = {isa = PBXBuildFile; fileRef = E747D9501C16DA0B003C1012 /* ProjectFilmsTests.swift */; };
		E747D95E1C16E7ED003C1012 /* TopMoviesViewControllerTableViewController.swift in Sources */ = {isa = PBXBuildFile; fileRef = E747D95D1C16E7ED003C1012 /* TopMoviesViewControllerTableViewController.swift */; };
		E747D9601C16E816003C1012 /* MovieDetailsViewController.swift in Sources */ = {isa = PBXBuildFile; fileRef = E747D95F1C16E816003C1012 /* MovieDetailsViewController.swift */; };
		E747D9621C16EB05003C1012 /* Movie.swift in Sources */ = {isa = PBXBuildFile; fileRef = E747D9611C16EB05003C1012 /* Movie.swift */; };
		E747D9641C16EB23003C1012 /* MovieService.swift in Sources */ = {isa = PBXBuildFile; fileRef = E747D9631C16EB23003C1012 /* MovieService.swift */; };
		E7C3E0BB1C4101270063439F /* CosmosDistrib.swift in Sources */ = {isa = PBXBuildFile; fileRef = E7C3E0BA1C4101270063439F /* CosmosDistrib.swift */; };
		E7C3E0BF1C41425E0063439F /* SearchViewController.swift in Sources */ = {isa = PBXBuildFile; fileRef = E7C3E0BE1C41425E0063439F /* SearchViewController.swift */; };
/* End PBXBuildFile section */

/* Begin PBXContainerItemProxy section */
		E747D94D1C16DA0B003C1012 /* PBXContainerItemProxy */ = {
			isa = PBXContainerItemProxy;
			containerPortal = E747D92E1C16DA0A003C1012 /* Project object */;
			proxyType = 1;
			remoteGlobalIDString = E747D9351C16DA0B003C1012;
			remoteInfo = ProjectFilms;
		};
/* End PBXContainerItemProxy section */

/* Begin PBXFileReference section */
		E747D9361C16DA0B003C1012 /* ProjectFilms.app */ = {isa = PBXFileReference; explicitFileType = wrapper.application; includeInIndex = 0; path = ProjectFilms.app; sourceTree = BUILT_PRODUCTS_DIR; };
		E747D9391C16DA0B003C1012 /* AppDelegate.swift */ = {isa = PBXFileReference; lastKnownFileType = sourcecode.swift; path = AppDelegate.swift; sourceTree = "<group>"; };
		E747D9401C16DA0B003C1012 /* Base */ = {isa = PBXFileReference; lastKnownFileType = file.storyboard; name = Base; path = Base.lproj/Main.storyboard; sourceTree = "<group>"; };
		E747D9421C16DA0B003C1012 /* Assets.xcassets */ = {isa = PBXFileReference; lastKnownFileType = folder.assetcatalog; path = Assets.xcassets; sourceTree = "<group>"; };
		E747D9451C16DA0B003C1012 /* Base */ = {isa = PBXFileReference; lastKnownFileType = file.storyboard; name = Base; path = Base.lproj/LaunchScreen.storyboard; sourceTree = "<group>"; };
		E747D9471C16DA0B003C1012 /* Info.plist */ = {isa = PBXFileReference; lastKnownFileType = text.plist.xml; path = Info.plist; sourceTree = "<group>"; };
		E747D94C1C16DA0B003C1012 /* ProjectFilmsTests.xctest */ = {isa = PBXFileReference; explicitFileType = wrapper.cfbundle; includeInIndex = 0; path = ProjectFilmsTests.xctest; sourceTree = BUILT_PRODUCTS_DIR; };
		E747D9501C16DA0B003C1012 /* ProjectFilmsTests.swift */ = {isa = PBXFileReference; lastKnownFileType = sourcecode.swift; path = ProjectFilmsTests.swift; sourceTree = "<group>"; };
		E747D9521C16DA0B003C1012 /* Info.plist */ = {isa = PBXFileReference; lastKnownFileType = text.plist.xml; path = Info.plist; sourceTree = "<group>"; };
		E747D95D1C16E7ED003C1012 /* TopMoviesViewControllerTableViewController.swift */ = {isa = PBXFileReference; fileEncoding = 4; lastKnownFileType = sourcecode.swift; path = TopMoviesViewControllerTableViewController.swift; sourceTree = "<group>"; };
		E747D95F1C16E816003C1012 /* MovieDetailsViewController.swift */ = {isa = PBXFileReference; fileEncoding = 4; lastKnownFileType = sourcecode.swift; path = MovieDetailsViewController.swift; sourceTree = "<group>"; };
		E747D9611C16EB05003C1012 /* Movie.swift */ = {isa = PBXFileReference; fileEncoding = 4; lastKnownFileType = sourcecode.swift; path = Movie.swift; sourceTree = "<group>"; };
		E747D9631C16EB23003C1012 /* MovieService.swift */ = {isa = PBXFileReference; fileEncoding = 4; lastKnownFileType = sourcecode.swift; path = MovieService.swift; sourceTree = "<group>"; };
		E7C3E0BA1C4101270063439F /* CosmosDistrib.swift */ = {isa = PBXFileReference; fileEncoding = 4; lastKnownFileType = sourcecode.swift; path = CosmosDistrib.swift; sourceTree = "<group>"; };
		E7C3E0BE1C41425E0063439F /* SearchViewController.swift */ = {isa = PBXFileReference; fileEncoding = 4; lastKnownFileType = sourcecode.swift; path = SearchViewController.swift; sourceTree = "<group>"; };
/* End PBXFileReference section */

/* Begin PBXFrameworksBuildPhase section */
		E747D9331C16DA0B003C1012 /* Frameworks */ = {
			isa = PBXFrameworksBuildPhase;
			buildActionMask = 2147483647;
			files = (
			);
			runOnlyForDeploymentPostprocessing = 0;
		};
		E747D9491C16DA0B003C1012 /* Frameworks */ = {
			isa = PBXFrameworksBuildPhase;
			buildActionMask = 2147483647;
			files = (
			);
			runOnlyForDeploymentPostprocessing = 0;
		};
/* End PBXFrameworksBuildPhase section */

/* Begin PBXGroup section */
		E747D92D1C16DA0A003C1012 = {
			isa = PBXGroup;
			children = (
				E747D9381C16DA0B003C1012 /* ProjectFilms */,
				E747D94F1C16DA0B003C1012 /* ProjectFilmsTests */,
				E747D9371C16DA0B003C1012 /* Products */,
			);
			sourceTree = "<group>";
		};
		E747D9371C16DA0B003C1012 /* Products */ = {
			isa = PBXGroup;
			children = (
				E747D9361C16DA0B003C1012 /* ProjectFilms.app */,
				E747D94C1C16DA0B003C1012 /* ProjectFilmsTests.xctest */,
			);
			name = Products;
			sourceTree = "<group>";
		};
		E747D9381C16DA0B003C1012 /* ProjectFilms */ = {
			isa = PBXGroup;
			children = (
				E747D9391C16DA0B003C1012 /* AppDelegate.swift */,
				E747D95D1C16E7ED003C1012 /* TopMoviesViewControllerTableViewController.swift */,
				E747D95F1C16E816003C1012 /* MovieDetailsViewController.swift */,
				E747D93F1C16DA0B003C1012 /* Main.storyboard */,
				E747D9421C16DA0B003C1012 /* Assets.xcassets */,
				E747D9441C16DA0B003C1012 /* LaunchScreen.storyboard */,
				E747D9471C16DA0B003C1012 /* Info.plist */,
				E747D9611C16EB05003C1012 /* Movie.swift */,
				E747D9631C16EB23003C1012 /* MovieService.swift */,
				E7C3E0BA1C4101270063439F /* CosmosDistrib.swift */,
				E7C3E0BE1C41425E0063439F /* SearchViewController.swift */,
			);
			path = ProjectFilms;
			sourceTree = "<group>";
		};
		E747D94F1C16DA0B003C1012 /* ProjectFilmsTests */ = {
			isa = PBXGroup;
			children = (
				E747D9501C16DA0B003C1012 /* ProjectFilmsTests.swift */,
				E747D9521C16DA0B003C1012 /* Info.plist */,
			);
			path = ProjectFilmsTests;
			sourceTree = "<group>";
		};
/* End PBXGroup section */

/* Begin PBXNativeTarget section */
		E747D9351C16DA0B003C1012 /* ProjectFilms */ = {
			isa = PBXNativeTarget;
			buildConfigurationList = E747D9551C16DA0B003C1012 /* Build configuration list for PBXNativeTarget "ProjectFilms" */;
			buildPhases = (
				E747D9321C16DA0B003C1012 /* Sources */,
				E747D9331C16DA0B003C1012 /* Frameworks */,
				E747D9341C16DA0B003C1012 /* Resources */,
			);
			buildRules = (
			);
			dependencies = (
			);
			name = ProjectFilms;
			productName = ProjectFilms;
			productReference = E747D9361C16DA0B003C1012 /* ProjectFilms.app */;
			productType = "com.apple.product-type.application";
		};
		E747D94B1C16DA0B003C1012 /* ProjectFilmsTests */ = {
			isa = PBXNativeTarget;
			buildConfigurationList = E747D9581C16DA0B003C1012 /* Build configuration list for PBXNativeTarget "ProjectFilmsTests" */;
			buildPhases = (
				E747D9481C16DA0B003C1012 /* Sources */,
				E747D9491C16DA0B003C1012 /* Frameworks */,
				E747D94A1C16DA0B003C1012 /* Resources */,
			);
			buildRules = (
			);
			dependencies = (
				E747D94E1C16DA0B003C1012 /* PBXTargetDependency */,
			);
			name = ProjectFilmsTests;
			productName = ProjectFilmsTests;
			productReference = E747D94C1C16DA0B003C1012 /* ProjectFilmsTests.xctest */;
			productType = "com.apple.product-type.bundle.unit-test";
		};
/* End PBXNativeTarget section */

/* Begin PBXProject section */
		E747D92E1C16DA0A003C1012 /* Project object */ = {
			isa = PBXProject;
			attributes = {
				LastSwiftUpdateCheck = 0710;
				LastUpgradeCheck = 0710;
				ORGANIZATIONNAME = "Christophe Kindt";
				TargetAttributes = {
					E747D9351C16DA0B003C1012 = {
						CreatedOnToolsVersion = 7.1.1;
					};
					E747D94B1C16DA0B003C1012 = {
						CreatedOnToolsVersion = 7.1.1;
						TestTargetID = E747D9351C16DA0B003C1012;
					};
				};
			};
			buildConfigurationList = E747D9311C16DA0A003C1012 /* Build configuration list for PBXProject "ProjectFilms" */;
			compatibilityVersion = "Xcode 3.2";
			developmentRegion = English;
			hasScannedForEncodings = 0;
			knownRegions = (
				en,
				Base,
			);
			mainGroup = E747D92D1C16DA0A003C1012;
			productRefGroup = E747D9371C16DA0B003C1012 /* Products */;
			projectDirPath = "";
			projectRoot = "";
			targets = (
				E747D9351C16DA0B003C1012 /* ProjectFilms */,
				E747D94B1C16DA0B003C1012 /* ProjectFilmsTests */,
			);
		};
/* End PBXProject section */

/* Begin PBXResourcesBuildPhase section */
		E747D9341C16DA0B003C1012 /* Resources */ = {
			isa = PBXResourcesBuildPhase;
			buildActionMask = 2147483647;
			files = (
				E747D9461C16DA0B003C1012 /* LaunchScreen.storyboard in Resources */,
				E747D9431C16DA0B003C1012 /* Assets.xcassets in Resources */,
				E747D9411C16DA0B003C1012 /* Main.storyboard in Resources */,
			);
			runOnlyForDeploymentPostprocessing = 0;
		};
		E747D94A1C16DA0B003C1012 /* Resources */ = {
			isa = PBXResourcesBuildPhase;
			buildActionMask = 2147483647;
			files = (
			);
			runOnlyForDeploymentPostprocessing = 0;
		};
/* End PBXResourcesBuildPhase section */

/* Begin PBXSourcesBuildPhase section */
		E747D9321C16DA0B003C1012 /* Sources */ = {
			isa = PBXSourcesBuildPhase;
			buildActionMask = 2147483647;
			files = (
				E747D93A1C16DA0B003C1012 /* AppDelegate.swift in Sources */,
				E7C3E0BF1C41425E0063439F /* SearchViewController.swift in Sources */,
				E747D95E1C16E7ED003C1012 /* TopMoviesViewControllerTableViewController.swift in Sources */,
				E747D9621C16EB05003C1012 /* Movie.swift in Sources */,
				E747D9601C16E816003C1012 /* MovieDetailsViewController.swift in Sources */,
				E747D9641C16EB23003C1012 /* MovieService.swift in Sources */,
				E7C3E0BB1C4101270063439F /* CosmosDistrib.swift in Sources */,
			);
			runOnlyForDeploymentPostprocessing = 0;
		};
		E747D9481C16DA0B003C1012 /* Sources */ = {
			isa = PBXSourcesBuildPhase;
			buildActionMask = 2147483647;
			files = (
				E747D9511C16DA0B003C1012 /* ProjectFilmsTests.swift in Sources */,
			);
			runOnlyForDeploymentPostprocessing = 0;
		};
/* End PBXSourcesBuildPhase section */

/* Begin PBXTargetDependency section */
		E747D94E1C16DA0B003C1012 /* PBXTargetDependency */ = {
			isa = PBXTargetDependency;
			target = E747D9351C16DA0B003C1012 /* ProjectFilms */;
			targetProxy = E747D94D1C16DA0B003C1012 /* PBXContainerItemProxy */;
		};
/* End PBXTargetDependency section */

/* Begin PBXVariantGroup section */
		E747D93F1C16DA0B003C1012 /* Main.storyboard */ = {
			isa = PBXVariantGroup;
			children = (
				E747D9401C16DA0B003C1012 /* Base */,
			);
			name = Main.storyboard;
			sourceTree = "<group>";
		};
		E747D9441C16DA0B003C1012 /* LaunchScreen.storyboard */ = {
			isa = PBXVariantGroup;
			children = (
				E747D9451C16DA0B003C1012 /* Base */,
			);
			name = LaunchScreen.storyboard;
			sourceTree = "<group>";
		};
/* End PBXVariantGroup section */

/* Begin XCBuildConfiguration section */
		E747D9531C16DA0B003C1012 /* Debug */ = {
			isa = XCBuildConfiguration;
			buildSettings = {
				ALWAYS_SEARCH_USER_PATHS = NO;
				CLANG_CXX_LANGUAGE_STANDARD = "gnu++0x";
				CLANG_CXX_LIBRARY = "libc++";
				CLANG_ENABLE_MODULES = YES;
				CLANG_ENABLE_OBJC_ARC = YES;
				CLANG_WARN_BOOL_CONVERSION = YES;
				CLANG_WARN_CONSTANT_CONVERSION = YES;
				CLANG_WARN_DIRECT_OBJC_ISA_USAGE = YES_ERROR;
				CLANG_WARN_EMPTY_BODY = YES;
				CLANG_WARN_ENUM_CONVERSION = YES;
				CLANG_WARN_INT_CONVERSION = YES;
				CLANG_WARN_OBJC_ROOT_CLASS = YES_ERROR;
				CLANG_WARN_UNREACHABLE_CODE = YES;
				CLANG_WARN__DUPLICATE_METHOD_MATCH = YES;
				"CODE_SIGN_IDENTITY[sdk=iphoneos*]" = "iPhone Developer";
				COPY_PHASE_STRIP = NO;
				DEBUG_INFORMATION_FORMAT = dwarf;
				ENABLE_STRICT_OBJC_MSGSEND = YES;
				ENABLE_TESTABILITY = YES;
				GCC_C_LANGUAGE_STANDARD = gnu99;
				GCC_DYNAMIC_NO_PIC = NO;
				GCC_NO_COMMON_BLOCKS = YES;
				GCC_OPTIMIZATION_LEVEL = 0;
				GCC_PREPROCESSOR_DEFINITIONS = (
					"DEBUG=1",
					"$(inherited)",
				);
				GCC_WARN_64_TO_32_BIT_CONVERSION = YES;
				GCC_WARN_ABOUT_RETURN_TYPE = YES_ERROR;
				GCC_WARN_UNDECLARED_SELECTOR = YES;
				GCC_WARN_UNINITIALIZED_AUTOS = YES_AGGRESSIVE;
				GCC_WARN_UNUSED_FUNCTION = YES;
				GCC_WARN_UNUSED_VARIABLE = YES;
				IPHONEOS_DEPLOYMENT_TARGET = 9.1;
				MTL_ENABLE_DEBUG_INFO = YES;
				ONLY_ACTIVE_ARCH = YES;
				SDKROOT = iphoneos;
				SWIFT_OPTIMIZATION_LEVEL = "-Onone";
			};
			name = Debug;
		};
		E747D9541C16DA0B003C1012 /* Release */ = {
			isa = XCBuildConfiguration;
			buildSettings = {
				ALWAYS_SEARCH_USER_PATHS = NO;
				CLANG_CXX_LANGUAGE_STANDARD = "gnu++0x";
				CLANG_CXX_LIBRARY = "libc++";
				CLANG_ENABLE_MODULES = YES;
				CLANG_ENABLE_OBJC_ARC = YES;
				CLANG_WARN_BOOL_CONVERSION = YES;
				CLANG_WARN_CONSTANT_CONVERSION = YES;
				CLANG_WARN_DIRECT_OBJC_ISA_USAGE = YES_ERROR;
				CLANG_WARN_EMPTY_BODY = YES;
				CLANG_WARN_ENUM_CONVERSION = YES;
				CLANG_WARN_INT_CONVERSION = YES;
				CLANG_WARN_OBJC_ROOT_CLASS = YES_ERROR;
				CLANG_WARN_UNREACHABLE_CODE = YES;
				CLANG_WARN__DUPLICATE_METHOD_MATCH = YES;
				"CODE_SIGN_IDENTITY[sdk=iphoneos*]" = "iPhone Developer";
				COPY_PHASE_STRIP = NO;
				DEBUG_INFORMATION_FORMAT = "dwarf-with-dsym";
				ENABLE_NS_ASSERTIONS = NO;
				ENABLE_STRICT_OBJC_MSGSEND = YES;
				GCC_C_LANGUAGE_STANDARD = gnu99;
				GCC_NO_COMMON_BLOCKS = YES;
				GCC_WARN_64_TO_32_BIT_CONVERSION = YES;
				GCC_WARN_ABOUT_RETURN_TYPE = YES_ERROR;
				GCC_WARN_UNDECLARED_SELECTOR = YES;
				GCC_WARN_UNINITIALIZED_AUTOS = YES_AGGRESSIVE;
				GCC_WARN_UNUSED_FUNCTION = YES;
				GCC_WARN_UNUSED_VARIABLE = YES;
				IPHONEOS_DEPLOYMENT_TARGET = 9.1;
				MTL_ENABLE_DEBUG_INFO = NO;
				SDKROOT = iphoneos;
				VALIDATE_PRODUCT = YES;
			};
			name = Release;
		};
		E747D9561C16DA0B003C1012 /* Debug */ = {
			isa = XCBuildConfiguration;
			buildSettings = {
				ASSETCATALOG_COMPILER_APPICON_NAME = AppIcon;
				INFOPLIST_FILE = ProjectFilms/Info.plist;
				LD_RUNPATH_SEARCH_PATHS = "$(inherited) @executable_path/Frameworks";
				PRODUCT_BUNDLE_IDENTIFIER = com.christophekindt.ProjectFilms;
				PRODUCT_NAME = "$(TARGET_NAME)";
			};
			name = Debug;
		};
		E747D9571C16DA0B003C1012 /* Release */ = {
			isa = XCBuildConfiguration;
			buildSettings = {
				ASSETCATALOG_COMPILER_APPICON_NAME = AppIcon;
				INFOPLIST_FILE = ProjectFilms/Info.plist;
				LD_RUNPATH_SEARCH_PATHS = "$(inherited) @executable_path/Frameworks";
				PRODUCT_BUNDLE_IDENTIFIER = com.christophekindt.ProjectFilms;
				PRODUCT_NAME = "$(TARGET_NAME)";
			};
			name = Release;
		};
		E747D9591C16DA0B003C1012 /* Debug */ = {
			isa = XCBuildConfiguration;
			buildSettings = {
				BUNDLE_LOADER = "$(TEST_HOST)";
				INFOPLIST_FILE = ProjectFilmsTests/Info.plist;
				LD_RUNPATH_SEARCH_PATHS = "$(inherited) @executable_path/Frameworks @loader_path/Frameworks";
				PRODUCT_BUNDLE_IDENTIFIER = com.christophekindt.ProjectFilmsTests;
				PRODUCT_NAME = "$(TARGET_NAME)";
				TEST_HOST = "$(BUILT_PRODUCTS_DIR)/ProjectFilms.app/ProjectFilms";
			};
			name = Debug;
		};
		E747D95A1C16DA0B003C1012 /* Release */ = {
			isa = XCBuildConfiguration;
			buildSettings = {
				BUNDLE_LOADER = "$(TEST_HOST)";
				INFOPLIST_FILE = ProjectFilmsTests/Info.plist;
				LD_RUNPATH_SEARCH_PATHS = "$(inherited) @executable_path/Frameworks @loader_path/Frameworks";
				PRODUCT_BUNDLE_IDENTIFIER = com.christophekindt.ProjectFilmsTests;
				PRODUCT_NAME = "$(TARGET_NAME)";
				TEST_HOST = "$(BUILT_PRODUCTS_DIR)/ProjectFilms.app/ProjectFilms";
			};
			name = Release;
		};
/* End XCBuildConfiguration section */

/* Begin XCConfigurationList section */
		E747D9311C16DA0A003C1012 /* Build configuration list for PBXProject "ProjectFilms" */ = {
			isa = XCConfigurationList;
			buildConfigurations = (
				E747D9531C16DA0B003C1012 /* Debug */,
				E747D9541C16DA0B003C1012 /* Release */,
			);
			defaultConfigurationIsVisible = 0;
			defaultConfigurationName = Release;
		};
		E747D9551C16DA0B003C1012 /* Build configuration list for PBXNativeTarget "ProjectFilms" */ = {
			isa = XCConfigurationList;
			buildConfigurations = (
				E747D9561C16DA0B003C1012 /* Debug */,
				E747D9571C16DA0B003C1012 /* Release */,
			);
			defaultConfigurationIsVisible = 0;
			defaultConfigurationName = Release;
		};
		E747D9581C16DA0B003C1012 /* Build configuration list for PBXNativeTarget "ProjectFilmsTests" */ = {
			isa = XCConfigurationList;
			buildConfigurations = (
				E747D9591C16DA0B003C1012 /* Debug */,
				E747D95A1C16DA0B003C1012 /* Release */,
			);
			defaultConfigurationIsVisible = 0;
			defaultConfigurationName = Release;
		};
/* End XCConfigurationList section */
	};
	rootObject = E747D92E1C16DA0A003C1012 /* Project object */;
}
